// !$*UTF8*$!
{
	archiveVersion = 1;
	classes = {
	};
	objectVersion = 77;
	objects = {

/* Begin PBXBuildFile section */
		DF16ECF72E0148F7008B4FE7 /* FirebaseAnalytics in Frameworks */ = {isa = PBXBuildFile; productRef = DF16ECF62E0148F7008B4FE7 /* FirebaseAnalytics */; };
		DF16ECF92E0148F7008B4FE7 /* FirebaseAuth in Frameworks */ = {isa = PBXBuildFile; productRef = DF16ECF82E0148F7008B4FE7 /* FirebaseAuth */; };
		DF16ECFB2E0148F7008B4FE7 /* FirebaseCore in Frameworks */ = {isa = PBXBuildFile; productRef = DF16ECFA2E0148F7008B4FE7 /* FirebaseCore */; };
		DF16ECFD2E0148F7008B4FE7 /* FirebaseFunctions in Frameworks */ = {isa = PBXBuildFile; productRef = DF16ECFC2E0148F7008B4FE7 /* FirebaseFunctions */; };
		DF16ECFF2E0148F7008B4FE7 /* FirebaseMessaging in Frameworks */ = {isa = PBXBuildFile; productRef = DF16ECFE2E0148F7008B4FE7 /* FirebaseMessaging */; };
		DF16ED012E0148F7008B4FE7 /* FirebaseStorage in Frameworks */ = {isa = PBXBuildFile; productRef = DF16ED002E0148F7008B4FE7 /* FirebaseStorage */; };
		DF16ED042E014908008B4FE7 /* FSCalendar in Frameworks */ = {isa = PBXBuildFile; productRef = DF16ED032E014908008B4FE7 /* FSCalendar */; };
		DF16ED072E014928008B4FE7 /* RxKakaoSDK in Frameworks */ = {isa = PBXBuildFile; productRef = DF16ED062E014928008B4FE7 /* RxKakaoSDK */; };
		DF16ED092E014928008B4FE7 /* RxKakaoSDKAuth in Frameworks */ = {isa = PBXBuildFile; productRef = DF16ED082E014928008B4FE7 /* RxKakaoSDKAuth */; };
		DF16ED0B2E014928008B4FE7 /* RxKakaoSDKCommon in Frameworks */ = {isa = PBXBuildFile; productRef = DF16ED0A2E014928008B4FE7 /* RxKakaoSDKCommon */; };
		DF16ED0D2E014928008B4FE7 /* RxKakaoSDKUser in Frameworks */ = {isa = PBXBuildFile; productRef = DF16ED0C2E014928008B4FE7 /* RxKakaoSDKUser */; };
		DF16ED102E014937008B4FE7 /* Kingfisher in Frameworks */ = {isa = PBXBuildFile; productRef = DF16ED0F2E014937008B4FE7 /* Kingfisher */; };
		DF16ED132E01494A008B4FE7 /* Lottie in Frameworks */ = {isa = PBXBuildFile; productRef = DF16ED122E01494A008B4FE7 /* Lottie */; };
		DF16ED162E014958008B4FE7 /* ScaleKit in Frameworks */ = {isa = PBXBuildFile; productRef = DF16ED152E014958008B4FE7 /* ScaleKit */; };
		DF16ED4F2E015714008B4FE7 /* FirebaseDatabase in Frameworks */ = {isa = PBXBuildFile; productRef = DF16ED4E2E015714008B4FE7 /* FirebaseDatabase */; };
		DFE35E992E0523AE009246B6 /* WidgetKit.framework in Frameworks */ = {isa = PBXBuildFile; fileRef = DFE35E792E05227D009246B6 /* WidgetKit.framework */; };
		DFE35E9A2E0523AE009246B6 /* SwiftUI.framework in Frameworks */ = {isa = PBXBuildFile; fileRef = DFE35E7B2E05227D009246B6 /* SwiftUI.framework */; };
		DFE35EAB2E0523AF009246B6 /* WidgetExtensionExtension.appex in Embed Foundation Extensions */ = {isa = PBXBuildFile; fileRef = DFE35E982E0523AE009246B6 /* WidgetExtensionExtension.appex */; settings = {ATTRIBUTES = (RemoveHeadersOnCopy, ); }; };
/* End PBXBuildFile section */

/* Begin PBXContainerItemProxy section */
		DFE35EA92E0523AF009246B6 /* PBXContainerItemProxy */ = {
			isa = PBXContainerItemProxy;
			containerPortal = DFE52B522E008C6400F87C87 /* Project object */;
			proxyType = 1;
			remoteGlobalIDString = DFE35E972E0523AE009246B6;
			remoteInfo = WidgetExtensionExtension;
		};
/* End PBXContainerItemProxy section */

/* Begin PBXCopyFilesBuildPhase section */
		DFE35E8E2E05227E009246B6 /* Embed Foundation Extensions */ = {
			isa = PBXCopyFilesBuildPhase;
			buildActionMask = 2147483647;
			dstPath = "";
			dstSubfolderSpec = 13;
			files = (
				DFE35EAB2E0523AF009246B6 /* WidgetExtensionExtension.appex in Embed Foundation Extensions */,
			);
			name = "Embed Foundation Extensions";
			runOnlyForDeploymentPostprocessing = 0;
		};
/* End PBXCopyFilesBuildPhase section */

/* Begin PBXFileReference section */
		DFE35E792E05227D009246B6 /* WidgetKit.framework */ = {isa = PBXFileReference; lastKnownFileType = wrapper.framework; name = WidgetKit.framework; path = System/Library/Frameworks/WidgetKit.framework; sourceTree = SDKROOT; };
		DFE35E7B2E05227D009246B6 /* SwiftUI.framework */ = {isa = PBXFileReference; lastKnownFileType = wrapper.framework; name = SwiftUI.framework; path = System/Library/Frameworks/SwiftUI.framework; sourceTree = SDKROOT; };
		DFE35E982E0523AE009246B6 /* WidgetExtensionExtension.appex */ = {isa = PBXFileReference; explicitFileType = "wrapper.app-extension"; includeInIndex = 0; path = WidgetExtensionExtension.appex; sourceTree = BUILT_PRODUCTS_DIR; };
		DFE35EB22E052493009246B6 /* WidgetExtensionExtension.entitlements */ = {isa = PBXFileReference; lastKnownFileType = text.plist.entitlements; path = WidgetExtensionExtension.entitlements; sourceTree = "<group>"; };
		DFE52B5A2E008C6400F87C87 /* Haruhancut.app */ = {isa = PBXFileReference; explicitFileType = wrapper.application; includeInIndex = 0; path = Haruhancut.app; sourceTree = BUILT_PRODUCTS_DIR; };
/* End PBXFileReference section */

/* Begin PBXFileSystemSynchronizedBuildFileExceptionSet section */
		DFE35EAF2E0523AF009246B6 /* Exceptions for "WidgetExtension" folder in "WidgetExtensionExtension" target */ = {
			isa = PBXFileSystemSynchronizedBuildFileExceptionSet;
			membershipExceptions = (
				Info.plist,
			);
			target = DFE35E972E0523AE009246B6 /* WidgetExtensionExtension */;
		};
		DFE52B6C2E008C6500F87C87 /* Exceptions for "Haruhancut" folder in "Haruhancut" target */ = {
			isa = PBXFileSystemSynchronizedBuildFileExceptionSet;
			membershipExceptions = (
				Info.plist,
			);
			target = DFE52B592E008C6400F87C87 /* Haruhancut */;
		};
/* End PBXFileSystemSynchronizedBuildFileExceptionSet section */

/* Begin PBXFileSystemSynchronizedRootGroup section */
		DFE35E9B2E0523AF009246B6 /* WidgetExtension */ = {
			isa = PBXFileSystemSynchronizedRootGroup;
			exceptions = (
				DFE35EAF2E0523AF009246B6 /* Exceptions for "WidgetExtension" folder in "WidgetExtensionExtension" target */,
			);
			path = WidgetExtension;
			sourceTree = "<group>";
		};
		DFE52B5C2E008C6400F87C87 /* Haruhancut */ = {
			isa = PBXFileSystemSynchronizedRootGroup;
			exceptions = (
				DFE52B6C2E008C6500F87C87 /* Exceptions for "Haruhancut" folder in "Haruhancut" target */,
			);
			path = Haruhancut;
			sourceTree = "<group>";
		};
/* End PBXFileSystemSynchronizedRootGroup section */

/* Begin PBXFrameworksBuildPhase section */
		DFE35E952E0523AE009246B6 /* Frameworks */ = {
			isa = PBXFrameworksBuildPhase;
			buildActionMask = 2147483647;
			files = (
				DFE35E9A2E0523AE009246B6 /* SwiftUI.framework in Frameworks */,
				DFE35E992E0523AE009246B6 /* WidgetKit.framework in Frameworks */,
			);
			runOnlyForDeploymentPostprocessing = 0;
		};
		DFE52B572E008C6400F87C87 /* Frameworks */ = {
			isa = PBXFrameworksBuildPhase;
			buildActionMask = 2147483647;
			files = (
				DF16ED4F2E015714008B4FE7 /* FirebaseDatabase in Frameworks */,
				DF16ED132E01494A008B4FE7 /* Lottie in Frameworks */,
				DF16ED102E014937008B4FE7 /* Kingfisher in Frameworks */,
				DF16ED162E014958008B4FE7 /* ScaleKit in Frameworks */,
				DF16ECF72E0148F7008B4FE7 /* FirebaseAnalytics in Frameworks */,
				DF16ED0D2E014928008B4FE7 /* RxKakaoSDKUser in Frameworks */,
				DF16ECFB2E0148F7008B4FE7 /* FirebaseCore in Frameworks */,
				DF16ECFF2E0148F7008B4FE7 /* FirebaseMessaging in Frameworks */,
				DF16ECF92E0148F7008B4FE7 /* FirebaseAuth in Frameworks */,
				DF16ECFD2E0148F7008B4FE7 /* FirebaseFunctions in Frameworks */,
				DF16ED072E014928008B4FE7 /* RxKakaoSDK in Frameworks */,
				DF16ED0B2E014928008B4FE7 /* RxKakaoSDKCommon in Frameworks */,
				DF16ED092E014928008B4FE7 /* RxKakaoSDKAuth in Frameworks */,
				DF16ED042E014908008B4FE7 /* FSCalendar in Frameworks */,
				DF16ED012E0148F7008B4FE7 /* FirebaseStorage in Frameworks */,
			);
			runOnlyForDeploymentPostprocessing = 0;
		};
/* End PBXFrameworksBuildPhase section */

/* Begin PBXGroup section */
		DF16ED4D2E015714008B4FE7 /* Frameworks */ = {
			isa = PBXGroup;
			children = (
				DFE35E792E05227D009246B6 /* WidgetKit.framework */,
				DFE35E7B2E05227D009246B6 /* SwiftUI.framework */,
			);
			name = Frameworks;
			sourceTree = "<group>";
		};
		DFE52B512E008C6400F87C87 = {
			isa = PBXGroup;
			children = (
				DFE35EB22E052493009246B6 /* WidgetExtensionExtension.entitlements */,
				DFE52B5C2E008C6400F87C87 /* Haruhancut */,
				DFE35E9B2E0523AF009246B6 /* WidgetExtension */,
				DF16ED4D2E015714008B4FE7 /* Frameworks */,
				DFE52B5B2E008C6400F87C87 /* Products */,
			);
			sourceTree = "<group>";
		};
		DFE52B5B2E008C6400F87C87 /* Products */ = {
			isa = PBXGroup;
			children = (
				DFE52B5A2E008C6400F87C87 /* Haruhancut.app */,
				DFE35E982E0523AE009246B6 /* WidgetExtensionExtension.appex */,
			);
			name = Products;
			sourceTree = "<group>";
		};
/* End PBXGroup section */

/* Begin PBXNativeTarget section */
		DFE35E972E0523AE009246B6 /* WidgetExtensionExtension */ = {
			isa = PBXNativeTarget;
			buildConfigurationList = DFE35EAC2E0523AF009246B6 /* Build configuration list for PBXNativeTarget "WidgetExtensionExtension" */;
			buildPhases = (
				DFE35E942E0523AE009246B6 /* Sources */,
				DFE35E952E0523AE009246B6 /* Frameworks */,
				DFE35E962E0523AE009246B6 /* Resources */,
			);
			buildRules = (
			);
			dependencies = (
			);
			fileSystemSynchronizedGroups = (
				DFE35E9B2E0523AF009246B6 /* WidgetExtension */,
			);
			name = WidgetExtensionExtension;
			packageProductDependencies = (
			);
			productName = WidgetExtensionExtension;
			productReference = DFE35E982E0523AE009246B6 /* WidgetExtensionExtension.appex */;
			productType = "com.apple.product-type.app-extension";
		};
		DFE52B592E008C6400F87C87 /* Haruhancut */ = {
			isa = PBXNativeTarget;
			buildConfigurationList = DFE52B6D2E008C6500F87C87 /* Build configuration list for PBXNativeTarget "Haruhancut" */;
			buildPhases = (
				DFE52B562E008C6400F87C87 /* Sources */,
				DFE52B572E008C6400F87C87 /* Frameworks */,
				DFE52B582E008C6400F87C87 /* Resources */,
				DFE35E8E2E05227E009246B6 /* Embed Foundation Extensions */,
			);
			buildRules = (
			);
			dependencies = (
				DFE35EAA2E0523AF009246B6 /* PBXTargetDependency */,
			);
			fileSystemSynchronizedGroups = (
				DFE52B5C2E008C6400F87C87 /* Haruhancut */,
			);
			name = Haruhancut;
			packageProductDependencies = (
				DF16ECF62E0148F7008B4FE7 /* FirebaseAnalytics */,
				DF16ECF82E0148F7008B4FE7 /* FirebaseAuth */,
				DF16ECFA2E0148F7008B4FE7 /* FirebaseCore */,
				DF16ECFC2E0148F7008B4FE7 /* FirebaseFunctions */,
				DF16ECFE2E0148F7008B4FE7 /* FirebaseMessaging */,
				DF16ED002E0148F7008B4FE7 /* FirebaseStorage */,
				DF16ED032E014908008B4FE7 /* FSCalendar */,
				DF16ED062E014928008B4FE7 /* RxKakaoSDK */,
				DF16ED082E014928008B4FE7 /* RxKakaoSDKAuth */,
				DF16ED0A2E014928008B4FE7 /* RxKakaoSDKCommon */,
				DF16ED0C2E014928008B4FE7 /* RxKakaoSDKUser */,
				DF16ED0F2E014937008B4FE7 /* Kingfisher */,
				DF16ED122E01494A008B4FE7 /* Lottie */,
				DF16ED152E014958008B4FE7 /* ScaleKit */,
				DF16ED4E2E015714008B4FE7 /* FirebaseDatabase */,
			);
			productName = Haruhancut;
			productReference = DFE52B5A2E008C6400F87C87 /* Haruhancut.app */;
			productType = "com.apple.product-type.application";
		};
/* End PBXNativeTarget section */

/* Begin PBXProject section */
		DFE52B522E008C6400F87C87 /* Project object */ = {
			isa = PBXProject;
			attributes = {
				BuildIndependentTargetsInParallel = 1;
				LastSwiftUpdateCheck = 1640;
				LastUpgradeCheck = 1640;
				TargetAttributes = {
					DFE35E972E0523AE009246B6 = {
						CreatedOnToolsVersion = 16.4;
					};
					DFE52B592E008C6400F87C87 = {
						CreatedOnToolsVersion = 16.4;
					};
				};
			};
			buildConfigurationList = DFE52B552E008C6400F87C87 /* Build configuration list for PBXProject "Haruhancut" */;
			developmentRegion = en;
			hasScannedForEncodings = 0;
			knownRegions = (
				en,
				Base,
			);
			mainGroup = DFE52B512E008C6400F87C87;
			minimizedProjectReferenceProxies = 1;
			packageReferences = (
				DF16ECF52E0148F7008B4FE7 /* XCRemoteSwiftPackageReference "firebase-ios-sdk" */,
				DF16ED022E014908008B4FE7 /* XCRemoteSwiftPackageReference "FSCalendar" */,
				DF16ED052E014928008B4FE7 /* XCRemoteSwiftPackageReference "kakao-ios-sdk-rx" */,
				DF16ED0E2E014937008B4FE7 /* XCRemoteSwiftPackageReference "Kingfisher" */,
				DF16ED112E01494A008B4FE7 /* XCRemoteSwiftPackageReference "lottie-spm" */,
				DF16ED142E014958008B4FE7 /* XCRemoteSwiftPackageReference "ScaleKit" */,
			);
			preferredProjectObjectVersion = 77;
			productRefGroup = DFE52B5B2E008C6400F87C87 /* Products */;
			projectDirPath = "";
			projectRoot = "";
			targets = (
				DFE52B592E008C6400F87C87 /* Haruhancut */,
				DFE35E972E0523AE009246B6 /* WidgetExtensionExtension */,
			);
		};
/* End PBXProject section */

/* Begin PBXResourcesBuildPhase section */
		DFE35E962E0523AE009246B6 /* Resources */ = {
			isa = PBXResourcesBuildPhase;
			buildActionMask = 2147483647;
			files = (
			);
			runOnlyForDeploymentPostprocessing = 0;
		};
		DFE52B582E008C6400F87C87 /* Resources */ = {
			isa = PBXResourcesBuildPhase;
			buildActionMask = 2147483647;
			files = (
			);
			runOnlyForDeploymentPostprocessing = 0;
		};
/* End PBXResourcesBuildPhase section */

/* Begin PBXSourcesBuildPhase section */
		DFE35E942E0523AE009246B6 /* Sources */ = {
			isa = PBXSourcesBuildPhase;
			buildActionMask = 2147483647;
			files = (
			);
			runOnlyForDeploymentPostprocessing = 0;
		};
		DFE52B562E008C6400F87C87 /* Sources */ = {
			isa = PBXSourcesBuildPhase;
			buildActionMask = 2147483647;
			files = (
			);
			runOnlyForDeploymentPostprocessing = 0;
		};
/* End PBXSourcesBuildPhase section */

/* Begin PBXTargetDependency section */
		DFE35EAA2E0523AF009246B6 /* PBXTargetDependency */ = {
			isa = PBXTargetDependency;
			target = DFE35E972E0523AE009246B6 /* WidgetExtensionExtension */;
			targetProxy = DFE35EA92E0523AF009246B6 /* PBXContainerItemProxy */;
		};
/* End PBXTargetDependency section */

/* Begin XCBuildConfiguration section */
		DFE35EAD2E0523AF009246B6 /* Debug */ = {
			isa = XCBuildConfiguration;
			buildSettings = {
				ASSETCATALOG_COMPILER_GLOBAL_ACCENT_COLOR_NAME = AccentColor;
				ASSETCATALOG_COMPILER_WIDGET_BACKGROUND_COLOR_NAME = WidgetBackground;
				CODE_SIGN_ENTITLEMENTS = WidgetExtensionExtension.entitlements;
				"CODE_SIGN_IDENTITY[sdk=iphoneos*]" = "iPhone Distribution";
				CODE_SIGN_STYLE = Manual;
				CURRENT_PROJECT_VERSION = 20;
				DEVELOPMENT_TEAM = "";
				"DEVELOPMENT_TEAM[sdk=iphoneos*]" = LGX4B4WC66;
				GENERATE_INFOPLIST_FILE = YES;
				INFOPLIST_FILE = WidgetExtension/Info.plist;
				INFOPLIST_KEY_CFBundleDisplayName = WidgetExtension;
				INFOPLIST_KEY_NSHumanReadableCopyright = "";
				IPHONEOS_DEPLOYMENT_TARGET = 17.0;
				LD_RUNPATH_SEARCH_PATHS = (
					"$(inherited)",
					"@executable_path/Frameworks",
					"@executable_path/../../Frameworks",
				);
				MARKETING_VERSION = 1.0.1;
				PRODUCT_BUNDLE_IDENTIFIER = com.indextrown.Haruhancut.WidgetExtension;
				PRODUCT_NAME = "$(TARGET_NAME)";
				PROVISIONING_PROFILE_SPECIFIER = "";
				"PROVISIONING_PROFILE_SPECIFIER[sdk=iphoneos*]" = "match AppStore com.indextrown.Haruhancut.WidgetExtension";
				SKIP_INSTALL = YES;
				SUPPORTED_PLATFORMS = "iphoneos iphonesimulator";
				SUPPORTS_MACCATALYST = NO;
				SUPPORTS_MAC_DESIGNED_FOR_IPHONE_IPAD = NO;
				SUPPORTS_XR_DESIGNED_FOR_IPHONE_IPAD = NO;
				SWIFT_EMIT_LOC_STRINGS = YES;
				SWIFT_VERSION = 5.0;
				TARGETED_DEVICE_FAMILY = 1;
			};
			name = Debug;
		};
		DFE35EAE2E0523AF009246B6 /* Release */ = {
			isa = XCBuildConfiguration;
			buildSettings = {
				ASSETCATALOG_COMPILER_GLOBAL_ACCENT_COLOR_NAME = AccentColor;
				ASSETCATALOG_COMPILER_WIDGET_BACKGROUND_COLOR_NAME = WidgetBackground;
				CODE_SIGN_ENTITLEMENTS = WidgetExtensionExtension.entitlements;
				"CODE_SIGN_IDENTITY[sdk=iphoneos*]" = "iPhone Distribution";
				CODE_SIGN_STYLE = Manual;
				CURRENT_PROJECT_VERSION = 20;
				DEVELOPMENT_TEAM = "";
				"DEVELOPMENT_TEAM[sdk=iphoneos*]" = LGX4B4WC66;
				GENERATE_INFOPLIST_FILE = YES;
				INFOPLIST_FILE = WidgetExtension/Info.plist;
				INFOPLIST_KEY_CFBundleDisplayName = WidgetExtension;
				INFOPLIST_KEY_NSHumanReadableCopyright = "";
				IPHONEOS_DEPLOYMENT_TARGET = 17.0;
				LD_RUNPATH_SEARCH_PATHS = (
					"$(inherited)",
					"@executable_path/Frameworks",
					"@executable_path/../../Frameworks",
				);
				MARKETING_VERSION = 1.0.1;
				PRODUCT_BUNDLE_IDENTIFIER = com.indextrown.Haruhancut.WidgetExtension;
				PRODUCT_NAME = "$(TARGET_NAME)";
				PROVISIONING_PROFILE_SPECIFIER = "";
				"PROVISIONING_PROFILE_SPECIFIER[sdk=iphoneos*]" = "match AppStore com.indextrown.Haruhancut.WidgetExtension";
				SKIP_INSTALL = YES;
				SUPPORTED_PLATFORMS = "iphoneos iphonesimulator";
				SUPPORTS_MACCATALYST = NO;
				SUPPORTS_MAC_DESIGNED_FOR_IPHONE_IPAD = NO;
				SUPPORTS_XR_DESIGNED_FOR_IPHONE_IPAD = NO;
				SWIFT_EMIT_LOC_STRINGS = YES;
				SWIFT_VERSION = 5.0;
				TARGETED_DEVICE_FAMILY = 1;
			};
			name = Release;
		};
		DFE52B6E2E008C6500F87C87 /* Debug */ = {
			isa = XCBuildConfiguration;
			baseConfigurationReferenceAnchor = DFE52B5C2E008C6400F87C87 /* Haruhancut */;
			baseConfigurationReferenceRelativePath = Config.xcconfig;
			buildSettings = {
				ASSETCATALOG_COMPILER_APPICON_NAME = AppIcon;
				ASSETCATALOG_COMPILER_GLOBAL_ACCENT_COLOR_NAME = AccentColor;
				CODE_SIGN_ENTITLEMENTS = Haruhancut/Haruhancut.entitlements;
				"CODE_SIGN_IDENTITY[sdk=iphoneos*]" = "iPhone Distribution";
				CODE_SIGN_STYLE = Manual;
				CURRENT_PROJECT_VERSION = 20;
				DEVELOPMENT_TEAM = "";
				"DEVELOPMENT_TEAM[sdk=iphoneos*]" = LGX4B4WC66;
				GENERATE_INFOPLIST_FILE = YES;
				INFOPLIST_FILE = Haruhancut/Info.plist;
				INFOPLIST_KEY_CFBundleDisplayName = "하루한컷";
				INFOPLIST_KEY_NSCameraUsageDescription = "카메라를 사용하여 사진을 촬영할 수 있습니다.";
				INFOPLIST_KEY_NSPhotoLibraryAddUsageDescription = "사진을 저장하기 위해 사진 보관함에 접근합니다.";
				INFOPLIST_KEY_UIApplicationSupportsIndirectInputEvents = YES;
				INFOPLIST_KEY_UILaunchStoryboardName = LaunchScreen;
				INFOPLIST_KEY_UIMainStoryboardFile = "";
				INFOPLIST_KEY_UISupportedInterfaceOrientations = UIInterfaceOrientationPortrait;
				INFOPLIST_KEY_UISupportedInterfaceOrientations_iPad = "UIInterfaceOrientationLandscapeLeft UIInterfaceOrientationLandscapeRight UIInterfaceOrientationPortrait UIInterfaceOrientationPortraitUpsideDown";
				IPHONEOS_DEPLOYMENT_TARGET = 17.0;
				LD_RUNPATH_SEARCH_PATHS = (
					"$(inherited)",
					"@executable_path/Frameworks",
				);
				MARKETING_VERSION = 1.0.1;
				PRODUCT_BUNDLE_IDENTIFIER = com.indextrown.Haruhancut;
				PRODUCT_NAME = "$(TARGET_NAME)";
				PROVISIONING_PROFILE_SPECIFIER = "";
				"PROVISIONING_PROFILE_SPECIFIER[sdk=iphoneos*]" = "match AppStore com.indextrown.Haruhancut";
				SUPPORTED_PLATFORMS = "iphoneos iphonesimulator";
				SUPPORTS_MACCATALYST = NO;
				SUPPORTS_MAC_DESIGNED_FOR_IPHONE_IPAD = NO;
				SUPPORTS_XR_DESIGNED_FOR_IPHONE_IPAD = NO;
				SWIFT_EMIT_LOC_STRINGS = YES;
				SWIFT_VERSION = 5.0;
				TARGETED_DEVICE_FAMILY = 1;
			};
			name = Debug;
		};
		DFE52B6F2E008C6500F87C87 /* Release */ = {
			isa = XCBuildConfiguration;
			baseConfigurationReferenceAnchor = DFE52B5C2E008C6400F87C87 /* Haruhancut */;
			baseConfigurationReferenceRelativePath = Config.xcconfig;
			buildSettings = {
				ASSETCATALOG_COMPILER_APPICON_NAME = AppIcon;
				ASSETCATALOG_COMPILER_GLOBAL_ACCENT_COLOR_NAME = AccentColor;
				CODE_SIGN_ENTITLEMENTS = Haruhancut/Haruhancut.entitlements;
				"CODE_SIGN_IDENTITY[sdk=iphoneos*]" = "iPhone Distribution";
				CODE_SIGN_STYLE = Manual;
				CURRENT_PROJECT_VERSION = 20;
				DEVELOPMENT_TEAM = "";
				"DEVELOPMENT_TEAM[sdk=iphoneos*]" = LGX4B4WC66;
				GENERATE_INFOPLIST_FILE = YES;
				INFOPLIST_FILE = Haruhancut/Info.plist;
				INFOPLIST_KEY_CFBundleDisplayName = "하루한컷";
				INFOPLIST_KEY_NSCameraUsageDescription = "카메라를 사용하여 사진을 촬영할 수 있습니다.";
				INFOPLIST_KEY_NSPhotoLibraryAddUsageDescription = "사진을 저장하기 위해 사진 보관함에 접근합니다.";
				INFOPLIST_KEY_UIApplicationSupportsIndirectInputEvents = YES;
				INFOPLIST_KEY_UILaunchStoryboardName = LaunchScreen;
				INFOPLIST_KEY_UIMainStoryboardFile = "";
				INFOPLIST_KEY_UISupportedInterfaceOrientations = UIInterfaceOrientationPortrait;
				INFOPLIST_KEY_UISupportedInterfaceOrientations_iPad = "UIInterfaceOrientationLandscapeLeft UIInterfaceOrientationLandscapeRight UIInterfaceOrientationPortrait UIInterfaceOrientationPortraitUpsideDown";
				IPHONEOS_DEPLOYMENT_TARGET = 17.0;
				LD_RUNPATH_SEARCH_PATHS = (
					"$(inherited)",
					"@executable_path/Frameworks",
				);
				MARKETING_VERSION = 1.0.1;
				PRODUCT_BUNDLE_IDENTIFIER = com.indextrown.Haruhancut;
				PRODUCT_NAME = "$(TARGET_NAME)";
				PROVISIONING_PROFILE_SPECIFIER = "";
				"PROVISIONING_PROFILE_SPECIFIER[sdk=iphoneos*]" = "match AppStore com.indextrown.Haruhancut";
				SUPPORTED_PLATFORMS = "iphoneos iphonesimulator";
				SUPPORTS_MACCATALYST = NO;
				SUPPORTS_MAC_DESIGNED_FOR_IPHONE_IPAD = NO;
				SUPPORTS_XR_DESIGNED_FOR_IPHONE_IPAD = NO;
				SWIFT_EMIT_LOC_STRINGS = YES;
				SWIFT_VERSION = 5.0;
				TARGETED_DEVICE_FAMILY = 1;
			};
			name = Release;
		};
		DFE52B702E008C6500F87C87 /* Debug */ = {
			isa = XCBuildConfiguration;
			baseConfigurationReferenceAnchor = DFE52B5C2E008C6400F87C87 /* Haruhancut */;
			baseConfigurationReferenceRelativePath = Config.xcconfig;
			buildSettings = {
				ALWAYS_SEARCH_USER_PATHS = NO;
				ASSETCATALOG_COMPILER_GENERATE_SWIFT_ASSET_SYMBOL_EXTENSIONS = YES;
				CLANG_ANALYZER_NONNULL = YES;
				CLANG_ANALYZER_NUMBER_OBJECT_CONVERSION = YES_AGGRESSIVE;
				CLANG_CXX_LANGUAGE_STANDARD = "gnu++20";
				CLANG_ENABLE_MODULES = YES;
				CLANG_ENABLE_OBJC_ARC = YES;
				CLANG_ENABLE_OBJC_WEAK = YES;
				CLANG_WARN_BLOCK_CAPTURE_AUTORELEASING = YES;
				CLANG_WARN_BOOL_CONVERSION = YES;
				CLANG_WARN_COMMA = YES;
				CLANG_WARN_CONSTANT_CONVERSION = YES;
				CLANG_WARN_DEPRECATED_OBJC_IMPLEMENTATIONS = YES;
				CLANG_WARN_DIRECT_OBJC_ISA_USAGE = YES_ERROR;
				CLANG_WARN_DOCUMENTATION_COMMENTS = YES;
				CLANG_WARN_EMPTY_BODY = YES;
				CLANG_WARN_ENUM_CONVERSION = YES;
				CLANG_WARN_INFINITE_RECURSION = YES;
				CLANG_WARN_INT_CONVERSION = YES;
				CLANG_WARN_NON_LITERAL_NULL_CONVERSION = YES;
				CLANG_WARN_OBJC_IMPLICIT_RETAIN_SELF = YES;
				CLANG_WARN_OBJC_LITERAL_CONVERSION = YES;
				CLANG_WARN_OBJC_ROOT_CLASS = YES_ERROR;
				CLANG_WARN_QUOTED_INCLUDE_IN_FRAMEWORK_HEADER = YES;
				CLANG_WARN_RANGE_LOOP_ANALYSIS = YES;
				CLANG_WARN_STRICT_PROTOTYPES = YES;
				CLANG_WARN_SUSPICIOUS_MOVE = YES;
				CLANG_WARN_UNGUARDED_AVAILABILITY = YES_AGGRESSIVE;
				CLANG_WARN_UNREACHABLE_CODE = YES;
				CLANG_WARN__DUPLICATE_METHOD_MATCH = YES;
				COPY_PHASE_STRIP = NO;
				DEBUG_INFORMATION_FORMAT = dwarf;
				DEVELOPMENT_TEAM = LGX4B4WC66;
				ENABLE_STRICT_OBJC_MSGSEND = YES;
				ENABLE_TESTABILITY = YES;
				ENABLE_USER_SCRIPT_SANDBOXING = YES;
				GCC_C_LANGUAGE_STANDARD = gnu17;
				GCC_DYNAMIC_NO_PIC = NO;
				GCC_NO_COMMON_BLOCKS = YES;
				GCC_OPTIMIZATION_LEVEL = 0;
				GCC_PREPROCESSOR_DEFINITIONS = (
					"DEBUG=1",
					"$(inherited)",
				);
				GCC_WARN_64_TO_32_BIT_CONVERSION = YES;
				GCC_WARN_ABOUT_RETURN_TYPE = YES_ERROR;
				GCC_WARN_UNDECLARED_SELECTOR = YES;
				GCC_WARN_UNINITIALIZED_AUTOS = YES_AGGRESSIVE;
				GCC_WARN_UNUSED_FUNCTION = YES;
				GCC_WARN_UNUSED_VARIABLE = YES;
				IPHONEOS_DEPLOYMENT_TARGET = 18.5;
				LOCALIZATION_PREFERS_STRING_CATALOGS = YES;
				MTL_ENABLE_DEBUG_INFO = INCLUDE_SOURCE;
				MTL_FAST_MATH = YES;
				ONLY_ACTIVE_ARCH = YES;
				SDKROOT = iphoneos;
				SWIFT_ACTIVE_COMPILATION_CONDITIONS = "DEBUG $(inherited)";
				SWIFT_OPTIMIZATION_LEVEL = "-Onone";
			};
			name = Debug;
		};
		DFE52B712E008C6500F87C87 /* Release */ = {
			isa = XCBuildConfiguration;
			baseConfigurationReferenceAnchor = DFE52B5C2E008C6400F87C87 /* Haruhancut */;
			baseConfigurationReferenceRelativePath = Config.xcconfig;
			buildSettings = {
				ALWAYS_SEARCH_USER_PATHS = NO;
				ASSETCATALOG_COMPILER_GENERATE_SWIFT_ASSET_SYMBOL_EXTENSIONS = YES;
				CLANG_ANALYZER_NONNULL = YES;
				CLANG_ANALYZER_NUMBER_OBJECT_CONVERSION = YES_AGGRESSIVE;
				CLANG_CXX_LANGUAGE_STANDARD = "gnu++20";
				CLANG_ENABLE_MODULES = YES;
				CLANG_ENABLE_OBJC_ARC = YES;
				CLANG_ENABLE_OBJC_WEAK = YES;
				CLANG_WARN_BLOCK_CAPTURE_AUTORELEASING = YES;
				CLANG_WARN_BOOL_CONVERSION = YES;
				CLANG_WARN_COMMA = YES;
				CLANG_WARN_CONSTANT_CONVERSION = YES;
				CLANG_WARN_DEPRECATED_OBJC_IMPLEMENTATIONS = YES;
				CLANG_WARN_DIRECT_OBJC_ISA_USAGE = YES_ERROR;
				CLANG_WARN_DOCUMENTATION_COMMENTS = YES;
				CLANG_WARN_EMPTY_BODY = YES;
				CLANG_WARN_ENUM_CONVERSION = YES;
				CLANG_WARN_INFINITE_RECURSION = YES;
				CLANG_WARN_INT_CONVERSION = YES;
				CLANG_WARN_NON_LITERAL_NULL_CONVERSION = YES;
				CLANG_WARN_OBJC_IMPLICIT_RETAIN_SELF = YES;
				CLANG_WARN_OBJC_LITERAL_CONVERSION = YES;
				CLANG_WARN_OBJC_ROOT_CLASS = YES_ERROR;
				CLANG_WARN_QUOTED_INCLUDE_IN_FRAMEWORK_HEADER = YES;
				CLANG_WARN_RANGE_LOOP_ANALYSIS = YES;
				CLANG_WARN_STRICT_PROTOTYPES = YES;
				CLANG_WARN_SUSPICIOUS_MOVE = YES;
				CLANG_WARN_UNGUARDED_AVAILABILITY = YES_AGGRESSIVE;
				CLANG_WARN_UNREACHABLE_CODE = YES;
				CLANG_WARN__DUPLICATE_METHOD_MATCH = YES;
				COPY_PHASE_STRIP = NO;
				DEBUG_INFORMATION_FORMAT = "dwarf-with-dsym";
				DEVELOPMENT_TEAM = LGX4B4WC66;
				ENABLE_NS_ASSERTIONS = NO;
				ENABLE_STRICT_OBJC_MSGSEND = YES;
				ENABLE_USER_SCRIPT_SANDBOXING = YES;
				GCC_C_LANGUAGE_STANDARD = gnu17;
				GCC_NO_COMMON_BLOCKS = YES;
				GCC_WARN_64_TO_32_BIT_CONVERSION = YES;
				GCC_WARN_ABOUT_RETURN_TYPE = YES_ERROR;
				GCC_WARN_UNDECLARED_SELECTOR = YES;
				GCC_WARN_UNINITIALIZED_AUTOS = YES_AGGRESSIVE;
				GCC_WARN_UNUSED_FUNCTION = YES;
				GCC_WARN_UNUSED_VARIABLE = YES;
				IPHONEOS_DEPLOYMENT_TARGET = 18.5;
				LOCALIZATION_PREFERS_STRING_CATALOGS = YES;
				MTL_ENABLE_DEBUG_INFO = NO;
				MTL_FAST_MATH = YES;
				SDKROOT = iphoneos;
				SWIFT_COMPILATION_MODE = wholemodule;
				VALIDATE_PRODUCT = YES;
			};
			name = Release;
		};
/* End XCBuildConfiguration section */

/* Begin XCConfigurationList section */
		DFE35EAC2E0523AF009246B6 /* Build configuration list for PBXNativeTarget "WidgetExtensionExtension" */ = {
			isa = XCConfigurationList;
			buildConfigurations = (
				DFE35EAD2E0523AF009246B6 /* Debug */,
				DFE35EAE2E0523AF009246B6 /* Release */,
			);
			defaultConfigurationIsVisible = 0;
			defaultConfigurationName = Release;
		};
		DFE52B552E008C6400F87C87 /* Build configuration list for PBXProject "Haruhancut" */ = {
			isa = XCConfigurationList;
			buildConfigurations = (
				DFE52B702E008C6500F87C87 /* Debug */,
				DFE52B712E008C6500F87C87 /* Release */,
			);
			defaultConfigurationIsVisible = 0;
			defaultConfigurationName = Release;
		};
		DFE52B6D2E008C6500F87C87 /* Build configuration list for PBXNativeTarget "Haruhancut" */ = {
			isa = XCConfigurationList;
			buildConfigurations = (
				DFE52B6E2E008C6500F87C87 /* Debug */,
				DFE52B6F2E008C6500F87C87 /* Release */,
			);
			defaultConfigurationIsVisible = 0;
			defaultConfigurationName = Release;
		};
/* End XCConfigurationList section */

/* Begin XCRemoteSwiftPackageReference section */
		DF16ECF52E0148F7008B4FE7 /* XCRemoteSwiftPackageReference "firebase-ios-sdk" */ = {
			isa = XCRemoteSwiftPackageReference;
			repositoryURL = "https://github.com/firebase/firebase-ios-sdk";
			requirement = {
				kind = upToNextMajorVersion;
				minimumVersion = 11.14.0;
			};
		};
		DF16ED022E014908008B4FE7 /* XCRemoteSwiftPackageReference "FSCalendar" */ = {
			isa = XCRemoteSwiftPackageReference;
			repositoryURL = "https://github.com/WenchaoD/FSCalendar.git";
			requirement = {
				kind = upToNextMajorVersion;
				minimumVersion = 2.8.4;
			};
		};
		DF16ED052E014928008B4FE7 /* XCRemoteSwiftPackageReference "kakao-ios-sdk-rx" */ = {
			isa = XCRemoteSwiftPackageReference;
			repositoryURL = "https://github.com/kakao/kakao-ios-sdk-rx";
			requirement = {
				kind = upToNextMajorVersion;
				minimumVersion = 2.24.4;
			};
		};
		DF16ED0E2E014937008B4FE7 /* XCRemoteSwiftPackageReference "Kingfisher" */ = {
			isa = XCRemoteSwiftPackageReference;
			repositoryURL = "https://github.com/onevcat/Kingfisher";
			requirement = {
				kind = upToNextMajorVersion;
				minimumVersion = 8.3.2;
			};
		};
		DF16ED112E01494A008B4FE7 /* XCRemoteSwiftPackageReference "lottie-spm" */ = {
			isa = XCRemoteSwiftPackageReference;
			repositoryURL = "https://github.com/airbnb/lottie-spm";
			requirement = {
				kind = upToNextMajorVersion;
				minimumVersion = 4.5.2;
			};
		};
		DF16ED142E014958008B4FE7 /* XCRemoteSwiftPackageReference "ScaleKit" */ = {
			isa = XCRemoteSwiftPackageReference;
			repositoryURL = "https://github.com/indextrown/ScaleKit";
			requirement = {
				kind = upToNextMajorVersion;
				minimumVersion = 1.1.3;
			};
		};
/* End XCRemoteSwiftPackageReference section */

/* Begin XCSwiftPackageProductDependency section */
		DF16ECF62E0148F7008B4FE7 /* FirebaseAnalytics */ = {
			isa = XCSwiftPackageProductDependency;
			package = DF16ECF52E0148F7008B4FE7 /* XCRemoteSwiftPackageReference "firebase-ios-sdk" */;
			productName = FirebaseAnalytics;
		};
		DF16ECF82E0148F7008B4FE7 /* FirebaseAuth */ = {
			isa = XCSwiftPackageProductDependency;
			package = DF16ECF52E0148F7008B4FE7 /* XCRemoteSwiftPackageReference "firebase-ios-sdk" */;
			productName = FirebaseAuth;
		};
		DF16ECFA2E0148F7008B4FE7 /* FirebaseCore */ = {
			isa = XCSwiftPackageProductDependency;
			package = DF16ECF52E0148F7008B4FE7 /* XCRemoteSwiftPackageReference "firebase-ios-sdk" */;
			productName = FirebaseCore;
		};
		DF16ECFC2E0148F7008B4FE7 /* FirebaseFunctions */ = {
			isa = XCSwiftPackageProductDependency;
			package = DF16ECF52E0148F7008B4FE7 /* XCRemoteSwiftPackageReference "firebase-ios-sdk" */;
			productName = FirebaseFunctions;
		};
		DF16ECFE2E0148F7008B4FE7 /* FirebaseMessaging */ = {
			isa = XCSwiftPackageProductDependency;
			package = DF16ECF52E0148F7008B4FE7 /* XCRemoteSwiftPackageReference "firebase-ios-sdk" */;
			productName = FirebaseMessaging;
		};
		DF16ED002E0148F7008B4FE7 /* FirebaseStorage */ = {
			isa = XCSwiftPackageProductDependency;
			package = DF16ECF52E0148F7008B4FE7 /* XCRemoteSwiftPackageReference "firebase-ios-sdk" */;
			productName = FirebaseStorage;
		};
		DF16ED032E014908008B4FE7 /* FSCalendar */ = {
			isa = XCSwiftPackageProductDependency;
			package = DF16ED022E014908008B4FE7 /* XCRemoteSwiftPackageReference "FSCalendar" */;
			productName = FSCalendar;
		};
		DF16ED062E014928008B4FE7 /* RxKakaoSDK */ = {
			isa = XCSwiftPackageProductDependency;
			package = DF16ED052E014928008B4FE7 /* XCRemoteSwiftPackageReference "kakao-ios-sdk-rx" */;
			productName = RxKakaoSDK;
		};
		DF16ED082E014928008B4FE7 /* RxKakaoSDKAuth */ = {
			isa = XCSwiftPackageProductDependency;
			package = DF16ED052E014928008B4FE7 /* XCRemoteSwiftPackageReference "kakao-ios-sdk-rx" */;
			productName = RxKakaoSDKAuth;
		};
		DF16ED0A2E014928008B4FE7 /* RxKakaoSDKCommon */ = {
			isa = XCSwiftPackageProductDependency;
			package = DF16ED052E014928008B4FE7 /* XCRemoteSwiftPackageReference "kakao-ios-sdk-rx" */;
			productName = RxKakaoSDKCommon;
		};
		DF16ED0C2E014928008B4FE7 /* RxKakaoSDKUser */ = {
			isa = XCSwiftPackageProductDependency;
			package = DF16ED052E014928008B4FE7 /* XCRemoteSwiftPackageReference "kakao-ios-sdk-rx" */;
			productName = RxKakaoSDKUser;
		};
		DF16ED0F2E014937008B4FE7 /* Kingfisher */ = {
			isa = XCSwiftPackageProductDependency;
			package = DF16ED0E2E014937008B4FE7 /* XCRemoteSwiftPackageReference "Kingfisher" */;
			productName = Kingfisher;
		};
		DF16ED122E01494A008B4FE7 /* Lottie */ = {
			isa = XCSwiftPackageProductDependency;
			package = DF16ED112E01494A008B4FE7 /* XCRemoteSwiftPackageReference "lottie-spm" */;
			productName = Lottie;
		};
		DF16ED152E014958008B4FE7 /* ScaleKit */ = {
			isa = XCSwiftPackageProductDependency;
			package = DF16ED142E014958008B4FE7 /* XCRemoteSwiftPackageReference "ScaleKit" */;
			productName = ScaleKit;
		};
		DF16ED4E2E015714008B4FE7 /* FirebaseDatabase */ = {
			isa = XCSwiftPackageProductDependency;
			package = DF16ECF52E0148F7008B4FE7 /* XCRemoteSwiftPackageReference "firebase-ios-sdk" */;
			productName = FirebaseDatabase;
		};
/* End XCSwiftPackageProductDependency section */
	};
	rootObject = DFE52B522E008C6400F87C87 /* Project object */;
}
